
Microsoft Visual Studio Solution File, Format Version 12.00
# Visual Studio 15
VisualStudioVersion = 15.0.28307.645
MinimumVisualStudioVersion = 10.0.40219.1
Project("{FAE04EC0-301F-11D3-BF4B-00C04F79EFBC}") = "WindowsFormsApp1", "WindowsFormsApp1\WindowsFormsApp1.csproj", "{EB8D2A10-383F-405F-A940-B4E9CA0E999F}"
EndProject
Global
	GlobalSection(SolutionConfigurationPlatforms) = preSolution
		Debug|Any CPU = Debug|Any CPU
		Release|Any CPU = Release|Any CPU
	EndGlobalSection
	GlobalSection(ProjectConfigurationPlatforms) = postSolution
		{EB8D2A10-383F-405F-A940-B4E9CA0E999F}.Debug|Any CPU.ActiveCfg = Debug|Any CPU
		{EB8D2A10-383F-405F-A940-B4E9CA0E999F}.Debug|Any CPU.Build.0 = Debug|Any CPU
		{EB8D2A10-383F-405F-A940-B4E9CA0E999F}.Release|Any CPU.ActiveCfg = Release|Any CPU
		{EB8D2A10-383F-405F-A940-B4E9CA0E999F}.Release|Any CPU.Build.0 = Release|Any CPU
	EndGlobalSection
	GlobalSection(SolutionProperties) = preSolution
		HideSolutionNode = FALSE
	EndGlobalSection
	GlobalSection(ExtensibilityGlobals) = postSolution
		SolutionGuid = {FE6B0617-78E7-4F3B-8AF6-31909C761897}
	EndGlobalSection
EndGlobal
